
Microsoft Visual Studio Solution File, Format Version 12.00
# Visual Studio Version 16
VisualStudioVersion = 16.6.30114.105
MinimumVisualStudioVersion = 10.0.40219.1
Project("{2150E333-8FDC-42A3-9474-1A3956D46DE8}") = "src", "src", "{E05EEA44-1953-438C-B295-998046BF2EF5}"
EndProject
Project("{FAE04EC0-301F-11D3-BF4B-00C04F79EFBC}") = "GradeBook", "src\GradeBook\GradeBook.csproj", "{8785114D-AB28-4584-9D59-B2262BBE6131}"
EndProject
Project("{2150E333-8FDC-42A3-9474-1A3956D46DE8}") = "test", "test", "{F85B6946-C699-4B02-8894-8A42047A90B2}"
EndProject
Project("{FAE04EC0-301F-11D3-BF4B-00C04F79EFBC}") = "GradeBook.Tests", "test\GradeBook.Tests\GradeBook.Tests.csproj", "{A7CFF8AE-4CED-4CE4-BDAA-BCA6181E364B}"
EndProject
Global
	GlobalSection(SolutionConfigurationPlatforms) = preSolution
		Debug|Any CPU = Debug|Any CPU
		Debug|x64 = Debug|x64
		Debug|x86 = Debug|x86
		Release|Any CPU = Release|Any CPU
		Release|x64 = Release|x64
		Release|x86 = Release|x86
	EndGlobalSection
	GlobalSection(SolutionProperties) = preSolution
		HideSolutionNode = FALSE
	EndGlobalSection
	GlobalSection(ProjectConfigurationPlatforms) = postSolution
		{8785114D-AB28-4584-9D59-B2262BBE6131}.Debug|Any CPU.ActiveCfg = Debug|Any CPU
		{8785114D-AB28-4584-9D59-B2262BBE6131}.Debug|Any CPU.Build.0 = Debug|Any CPU
		{8785114D-AB28-4584-9D59-B2262BBE6131}.Debug|x64.ActiveCfg = Debug|Any CPU
		{8785114D-AB28-4584-9D59-B2262BBE6131}.Debug|x64.Build.0 = Debug|Any CPU
		{8785114D-AB28-4584-9D59-B2262BBE6131}.Debug|x86.ActiveCfg = Debug|Any CPU
		{8785114D-AB28-4584-9D59-B2262BBE6131}.Debug|x86.Build.0 = Debug|Any CPU
		{8785114D-AB28-4584-9D59-B2262BBE6131}.Release|Any CPU.ActiveCfg = Release|Any CPU
		{8785114D-AB28-4584-9D59-B2262BBE6131}.Release|Any CPU.Build.0 = Release|Any CPU
		{8785114D-AB28-4584-9D59-B2262BBE6131}.Release|x64.ActiveCfg = Release|Any CPU
		{8785114D-AB28-4584-9D59-B2262BBE6131}.Release|x64.Build.0 = Release|Any CPU
		{8785114D-AB28-4584-9D59-B2262BBE6131}.Release|x86.ActiveCfg = Release|Any CPU
		{8785114D-AB28-4584-9D59-B2262BBE6131}.Release|x86.Build.0 = Release|Any CPU
		{A7CFF8AE-4CED-4CE4-BDAA-BCA6181E364B}.Debug|Any CPU.ActiveCfg = Debug|Any CPU
		{A7CFF8AE-4CED-4CE4-BDAA-BCA6181E364B}.Debug|Any CPU.Build.0 = Debug|Any CPU
		{A7CFF8AE-4CED-4CE4-BDAA-BCA6181E364B}.Debug|x64.ActiveCfg = Debug|Any CPU
		{A7CFF8AE-4CED-4CE4-BDAA-BCA6181E364B}.Debug|x64.Build.0 = Debug|Any CPU
		{A7CFF8AE-4CED-4CE4-BDAA-BCA6181E364B}.Debug|x86.ActiveCfg = Debug|Any CPU
		{A7CFF8AE-4CED-4CE4-BDAA-BCA6181E364B}.Debug|x86.Build.0 = Debug|Any CPU
		{A7CFF8AE-4CED-4CE4-BDAA-BCA6181E364B}.Release|Any CPU.ActiveCfg = Release|Any CPU
		{A7CFF8AE-4CED-4CE4-BDAA-BCA6181E364B}.Release|Any CPU.Build.0 = Release|Any CPU
		{A7CFF8AE-4CED-4CE4-BDAA-BCA6181E364B}.Release|x64.ActiveCfg = Release|Any CPU
		{A7CFF8AE-4CED-4CE4-BDAA-BCA6181E364B}.Release|x64.Build.0 = Release|Any CPU
		{A7CFF8AE-4CED-4CE4-BDAA-BCA6181E364B}.Release|x86.ActiveCfg = Release|Any CPU
		{A7CFF8AE-4CED-4CE4-BDAA-BCA6181E364B}.Release|x86.Build.0 = Release|Any CPU
	EndGlobalSection
	GlobalSection(NestedProjects) = preSolution
		{8785114D-AB28-4584-9D59-B2262BBE6131} = {E05EEA44-1953-438C-B295-998046BF2EF5}
		{A7CFF8AE-4CED-4CE4-BDAA-BCA6181E364B} = {F85B6946-C699-4B02-8894-8A42047A90B2}
	EndGlobalSection
EndGlobal
