
Microsoft Visual Studio Solution File, Format Version 12.00
# Visual Studio Version 16
VisualStudioVersion = 16.0.31321.278
MinimumVisualStudioVersion = 10.0.40219.1
Project("{FAE04EC0-301F-11D3-BF4B-00C04F79EFBC}") = "OdeToFood.Web", "OdeToFood.Web\OdeToFood.Web.csproj", "{6AED2E03-E726-4D07-8038-D0C27225481C}"
EndProject
Project("{FAE04EC0-301F-11D3-BF4B-00C04F79EFBC}") = "OdeToFood.Data", "OdeToFood.Data\OdeToFood.Data.csproj", "{7A948F63-6C3D-4E75-8C9F-99389B91D2B2}"
EndProject
Global
	GlobalSection(SolutionConfigurationPlatforms) = preSolution
		Debug|Any CPU = Debug|Any CPU
		Release|Any CPU = Release|Any CPU
	EndGlobalSection
	GlobalSection(ProjectConfigurationPlatforms) = postSolution
		{6AED2E03-E726-4D07-8038-D0C27225481C}.Debug|Any CPU.ActiveCfg = Debug|Any CPU
		{6AED2E03-E726-4D07-8038-D0C27225481C}.Debug|Any CPU.Build.0 = Debug|Any CPU
		{6AED2E03-E726-4D07-8038-D0C27225481C}.Release|Any CPU.ActiveCfg = Release|Any CPU
		{6AED2E03-E726-4D07-8038-D0C27225481C}.Release|Any CPU.Build.0 = Release|Any CPU
		{7A948F63-6C3D-4E75-8C9F-99389B91D2B2}.Debug|Any CPU.ActiveCfg = Debug|Any CPU
		{7A948F63-6C3D-4E75-8C9F-99389B91D2B2}.Debug|Any CPU.Build.0 = Debug|Any CPU
		{7A948F63-6C3D-4E75-8C9F-99389B91D2B2}.Release|Any CPU.ActiveCfg = Release|Any CPU
		{7A948F63-6C3D-4E75-8C9F-99389B91D2B2}.Release|Any CPU.Build.0 = Release|Any CPU
	EndGlobalSection
	GlobalSection(SolutionProperties) = preSolution
		HideSolutionNode = FALSE
	EndGlobalSection
	GlobalSection(ExtensibilityGlobals) = postSolution
		SolutionGuid = {3BC0AA10-DD0A-4D97-BCFE-F1907F8471F7}
	EndGlobalSection
EndGlobal
